// !$*UTF8*$!
{
	archiveVersion = 1;
	classes = {
	};
	objectVersion = 56;
	objects = {

/* Begin PBXBuildFile section */
		4942FBB729672508007A2757 /* CircleImage.swift in Sources */ = {isa = PBXBuildFile; fileRef = 4942FBB629672508007A2757 /* CircleImage.swift */; };
		4942FBB9296729A9007A2757 /* MapView.swift in Sources */ = {isa = PBXBuildFile; fileRef = 4942FBB8296729A9007A2757 /* MapView.swift */; };
		49475EFB29676ED800A8511F /* landmarkData.json in Resources */ = {isa = PBXBuildFile; fileRef = 49475EFA29676ED800A8511F /* landmarkData.json */; };
		49475EFF29676F6B00A8511F /* Landmark.swift in Sources */ = {isa = PBXBuildFile; fileRef = 49475EFE29676F6B00A8511F /* Landmark.swift */; };
		49475F032967733B00A8511F /* ModelData.swift in Sources */ = {isa = PBXBuildFile; fileRef = 49475F022967733B00A8511F /* ModelData.swift */; };
		49AB7BDF296683C400D33F96 /* LandmarksApp.swift in Sources */ = {isa = PBXBuildFile; fileRef = 49AB7BDE296683C400D33F96 /* LandmarksApp.swift */; };
		49AB7BE1296683C400D33F96 /* ContentView.swift in Sources */ = {isa = PBXBuildFile; fileRef = 49AB7BE0296683C400D33F96 /* ContentView.swift */; };
		49AB7BE3296683C600D33F96 /* Assets.xcassets in Resources */ = {isa = PBXBuildFile; fileRef = 49AB7BE2296683C600D33F96 /* Assets.xcassets */; };
		49AB7BE6296683C600D33F96 /* Preview Assets.xcassets in Resources */ = {isa = PBXBuildFile; fileRef = 49AB7BE5296683C600D33F96 /* Preview Assets.xcassets */; };
		49B64310296B5B5D00C7ABDC /* FavoriteButton.swift in Sources */ = {isa = PBXBuildFile; fileRef = 49B6430F296B5B5D00C7ABDC /* FavoriteButton.swift */; };
		49CE14E22968AC6500593E27 /* LandmarkRow.swift in Sources */ = {isa = PBXBuildFile; fileRef = 49CE14E12968AC6500593E27 /* LandmarkRow.swift */; };
		49CE14E42968B34200593E27 /* LandmarksList.swift in Sources */ = {isa = PBXBuildFile; fileRef = 49CE14E32968B34200593E27 /* LandmarksList.swift */; };
		49CE14E62968BBCD00593E27 /* LandmarkDetail.swift in Sources */ = {isa = PBXBuildFile; fileRef = 49CE14E52968BBCD00593E27 /* LandmarkDetail.swift */; };
/* End PBXBuildFile section */

/* Begin PBXFileReference section */
		4942FBB629672508007A2757 /* CircleImage.swift */ = {isa = PBXFileReference; lastKnownFileType = sourcecode.swift; path = CircleImage.swift; sourceTree = "<group>"; };
		4942FBB8296729A9007A2757 /* MapView.swift */ = {isa = PBXFileReference; lastKnownFileType = sourcecode.swift; path = MapView.swift; sourceTree = "<group>"; };
		49475EFA29676ED800A8511F /* landmarkData.json */ = {isa = PBXFileReference; fileEncoding = 4; lastKnownFileType = text.json; path = landmarkData.json; sourceTree = "<group>"; };
		49475EFE29676F6B00A8511F /* Landmark.swift */ = {isa = PBXFileReference; lastKnownFileType = sourcecode.swift; path = Landmark.swift; sourceTree = "<group>"; };
		49475F022967733B00A8511F /* ModelData.swift */ = {isa = PBXFileReference; lastKnownFileType = sourcecode.swift; path = ModelData.swift; sourceTree = "<group>"; };
		49AB7BDB296683C400D33F96 /* Landmarks.app */ = {isa = PBXFileReference; explicitFileType = wrapper.application; includeInIndex = 0; path = Landmarks.app; sourceTree = BUILT_PRODUCTS_DIR; };
		49AB7BDE296683C400D33F96 /* LandmarksApp.swift */ = {isa = PBXFileReference; lastKnownFileType = sourcecode.swift; path = LandmarksApp.swift; sourceTree = "<group>"; };
		49AB7BE0296683C400D33F96 /* ContentView.swift */ = {isa = PBXFileReference; lastKnownFileType = sourcecode.swift; path = ContentView.swift; sourceTree = "<group>"; };
		49AB7BE2296683C600D33F96 /* Assets.xcassets */ = {isa = PBXFileReference; lastKnownFileType = folder.assetcatalog; path = Assets.xcassets; sourceTree = "<group>"; };
		49AB7BE5296683C600D33F96 /* Preview Assets.xcassets */ = {isa = PBXFileReference; lastKnownFileType = folder.assetcatalog; path = "Preview Assets.xcassets"; sourceTree = "<group>"; };
		49B6430F296B5B5D00C7ABDC /* FavoriteButton.swift */ = {isa = PBXFileReference; lastKnownFileType = sourcecode.swift; path = FavoriteButton.swift; sourceTree = "<group>"; };
		49CE14E12968AC6500593E27 /* LandmarkRow.swift */ = {isa = PBXFileReference; lastKnownFileType = sourcecode.swift; path = LandmarkRow.swift; sourceTree = "<group>"; };
		49CE14E32968B34200593E27 /* LandmarksList.swift */ = {isa = PBXFileReference; lastKnownFileType = sourcecode.swift; path = LandmarksList.swift; sourceTree = "<group>"; };
		49CE14E52968BBCD00593E27 /* LandmarkDetail.swift */ = {isa = PBXFileReference; lastKnownFileType = sourcecode.swift; path = LandmarkDetail.swift; sourceTree = "<group>"; };
/* End PBXFileReference section */

/* Begin PBXFrameworksBuildPhase section */
		49AB7BD8296683C400D33F96 /* Frameworks */ = {
			isa = PBXFrameworksBuildPhase;
			buildActionMask = 2147483647;
			files = (
			);
			runOnlyForDeploymentPostprocessing = 0;
		};
/* End PBXFrameworksBuildPhase section */

/* Begin PBXGroup section */
		49475F042967762600A8511F /* Model */ = {
			isa = PBXGroup;
			children = (
				49475F022967733B00A8511F /* ModelData.swift */,
				49475EFE29676F6B00A8511F /* Landmark.swift */,
			);
			path = Model;
			sourceTree = "<group>";
		};
		49475F052967763300A8511F /* Views */ = {
			isa = PBXGroup;
			children = (
				49B64312296B5DC200C7ABDC /* Landmarks */,
				49B64311296B5D8300C7ABDC /* Helpers */,
				49AB7BE0296683C400D33F96 /* ContentView.swift */,
			);
			path = Views;
			sourceTree = "<group>";
		};
		49475F062967767000A8511F /* Resources */ = {
			isa = PBXGroup;
			children = (
				49475EFA29676ED800A8511F /* landmarkData.json */,
			);
			path = Resources;
			sourceTree = "<group>";
		};
		49AB7BD2296683C400D33F96 = {
			isa = PBXGroup;
			children = (
				49AB7BDD296683C400D33F96 /* Landmarks */,
				49AB7BDC296683C400D33F96 /* Products */,
			);
			sourceTree = "<group>";
		};
		49AB7BDC296683C400D33F96 /* Products */ = {
			isa = PBXGroup;
			children = (
				49AB7BDB296683C400D33F96 /* Landmarks.app */,
			);
			name = Products;
			sourceTree = "<group>";
		};
		49AB7BDD296683C400D33F96 /* Landmarks */ = {
			isa = PBXGroup;
			children = (
				49475F062967767000A8511F /* Resources */,
				49475F052967763300A8511F /* Views */,
				49475F042967762600A8511F /* Model */,
				49AB7BE2296683C600D33F96 /* Assets.xcassets */,
				49AB7BDE296683C400D33F96 /* LandmarksApp.swift */,
				49AB7BE4296683C600D33F96 /* Preview Content */,
			);
			path = Landmarks;
			sourceTree = "<group>";
		};
		49AB7BE4296683C600D33F96 /* Preview Content */ = {
			isa = PBXGroup;
			children = (
				49AB7BE5296683C600D33F96 /* Preview Assets.xcassets */,
			);
			path = "Preview Content";
			sourceTree = "<group>";
		};
		49B64311296B5D8300C7ABDC /* Helpers */ = {
			isa = PBXGroup;
			children = (
				4942FBB629672508007A2757 /* CircleImage.swift */,
				4942FBB8296729A9007A2757 /* MapView.swift */,
				49B6430F296B5B5D00C7ABDC /* FavoriteButton.swift */,
			);
			path = Helpers;
			sourceTree = "<group>";
		};
		49B64312296B5DC200C7ABDC /* Landmarks */ = {
			isa = PBXGroup;
			children = (
				49CE14E12968AC6500593E27 /* LandmarkRow.swift */,
				49CE14E32968B34200593E27 /* LandmarksList.swift */,
				49CE14E52968BBCD00593E27 /* LandmarkDetail.swift */,
			);
			path = Landmarks;
			sourceTree = "<group>";
		};
/* End PBXGroup section */

/* Begin PBXNativeTarget section */
		49AB7BDA296683C400D33F96 /* Landmarks */ = {
			isa = PBXNativeTarget;
			buildConfigurationList = 49AB7BE9296683C600D33F96 /* Build configuration list for PBXNativeTarget "Landmarks" */;
			buildPhases = (
				49AB7BD7296683C400D33F96 /* Sources */,
				49AB7BD8296683C400D33F96 /* Frameworks */,
				49AB7BD9296683C400D33F96 /* Resources */,
			);
			buildRules = (
			);
			dependencies = (
			);
			name = Landmarks;
			productName = Learn;
			productReference = 49AB7BDB296683C400D33F96 /* Landmarks.app */;
			productType = "com.apple.product-type.application";
		};
/* End PBXNativeTarget section */

/* Begin PBXProject section */
		49AB7BD3296683C400D33F96 /* Project object */ = {
			isa = PBXProject;
			attributes = {
				BuildIndependentTargetsInParallel = 1;
				LastSwiftUpdateCheck = 1420;
				LastUpgradeCheck = 1420;
				TargetAttributes = {
					49AB7BDA296683C400D33F96 = {
						CreatedOnToolsVersion = 14.2;
					};
				};
			};
			buildConfigurationList = 49AB7BD6296683C400D33F96 /* Build configuration list for PBXProject "Landmarks" */;
			compatibilityVersion = "Xcode 14.0";
			developmentRegion = en;
			hasScannedForEncodings = 0;
			knownRegions = (
				en,
				Base,
			);
			mainGroup = 49AB7BD2296683C400D33F96;
			productRefGroup = 49AB7BDC296683C400D33F96 /* Products */;
			projectDirPath = "";
			projectRoot = "";
			targets = (
				49AB7BDA296683C400D33F96 /* Landmarks */,
			);
		};
/* End PBXProject section */

/* Begin PBXResourcesBuildPhase section */
		49AB7BD9296683C400D33F96 /* Resources */ = {
			isa = PBXResourcesBuildPhase;
			buildActionMask = 2147483647;
			files = (
				49AB7BE6296683C600D33F96 /* Preview Assets.xcassets in Resources */,
				49AB7BE3296683C600D33F96 /* Assets.xcassets in Resources */,
				49475EFB29676ED800A8511F /* landmarkData.json in Resources */,
			);
			runOnlyForDeploymentPostprocessing = 0;
		};
/* End PBXResourcesBuildPhase section */

/* Begin PBXSourcesBuildPhase section */
		49AB7BD7296683C400D33F96 /* Sources */ = {
			isa = PBXSourcesBuildPhase;
			buildActionMask = 2147483647;
			files = (
				49AB7BE1296683C400D33F96 /* ContentView.swift in Sources */,
				4942FBB9296729A9007A2757 /* MapView.swift in Sources */,
				49AB7BDF296683C400D33F96 /* LandmarksApp.swift in Sources */,
				49B64310296B5B5D00C7ABDC /* FavoriteButton.swift in Sources */,
				4942FBB729672508007A2757 /* CircleImage.swift in Sources */,
				49CE14E62968BBCD00593E27 /* LandmarkDetail.swift in Sources */,
				49475EFF29676F6B00A8511F /* Landmark.swift in Sources */,
				49CE14E22968AC6500593E27 /* LandmarkRow.swift in Sources */,
				49475F032967733B00A8511F /* ModelData.swift in Sources */,
				49CE14E42968B34200593E27 /* LandmarksList.swift in Sources */,
			);
			runOnlyForDeploymentPostprocessing = 0;
		};
/* End PBXSourcesBuildPhase section */

/* Begin XCBuildConfiguration section */
		49AB7BE7296683C600D33F96 /* Debug */ = {
			isa = XCBuildConfiguration;
			buildSettings = {
				ALWAYS_SEARCH_USER_PATHS = NO;
				CLANG_ANALYZER_NONNULL = YES;
				CLANG_ANALYZER_NUMBER_OBJECT_CONVERSION = YES_AGGRESSIVE;
				CLANG_CXX_LANGUAGE_STANDARD = "gnu++20";
				CLANG_ENABLE_MODULES = YES;
				CLANG_ENABLE_OBJC_ARC = YES;
				CLANG_ENABLE_OBJC_WEAK = YES;
				CLANG_WARN_BLOCK_CAPTURE_AUTORELEASING = YES;
				CLANG_WARN_BOOL_CONVERSION = YES;
				CLANG_WARN_COMMA = YES;
				CLANG_WARN_CONSTANT_CONVERSION = YES;
				CLANG_WARN_DEPRECATED_OBJC_IMPLEMENTATIONS = YES;
				CLANG_WARN_DIRECT_OBJC_ISA_USAGE = YES_ERROR;
				CLANG_WARN_DOCUMENTATION_COMMENTS = YES;
				CLANG_WARN_EMPTY_BODY = YES;
				CLANG_WARN_ENUM_CONVERSION = YES;
				CLANG_WARN_INFINITE_RECURSION = YES;
				CLANG_WARN_INT_CONVERSION = YES;
				CLANG_WARN_NON_LITERAL_NULL_CONVERSION = YES;
				CLANG_WARN_OBJC_IMPLICIT_RETAIN_SELF = YES;
				CLANG_WARN_OBJC_LITERAL_CONVERSION = YES;
				CLANG_WARN_OBJC_ROOT_CLASS = YES_ERROR;
				CLANG_WARN_QUOTED_INCLUDE_IN_FRAMEWORK_HEADER = YES;
				CLANG_WARN_RANGE_LOOP_ANALYSIS = YES;
				CLANG_WARN_STRICT_PROTOTYPES = YES;
				CLANG_WARN_SUSPICIOUS_MOVE = YES;
				CLANG_WARN_UNGUARDED_AVAILABILITY = YES_AGGRESSIVE;
				CLANG_WARN_UNREACHABLE_CODE = YES;
				CLANG_WARN__DUPLICATE_METHOD_MATCH = YES;
				COPY_PHASE_STRIP = NO;
				DEBUG_INFORMATION_FORMAT = dwarf;
				ENABLE_STRICT_OBJC_MSGSEND = YES;
				ENABLE_TESTABILITY = YES;
				GCC_C_LANGUAGE_STANDARD = gnu11;
				GCC_DYNAMIC_NO_PIC = NO;
				GCC_NO_COMMON_BLOCKS = YES;
				GCC_OPTIMIZATION_LEVEL = 0;
				GCC_PREPROCESSOR_DEFINITIONS = (
					"DEBUG=1",
					"$(inherited)",
				);
				GCC_WARN_64_TO_32_BIT_CONVERSION = YES;
				GCC_WARN_ABOUT_RETURN_TYPE = YES_ERROR;
				GCC_WARN_UNDECLARED_SELECTOR = YES;
				GCC_WARN_UNINITIALIZED_AUTOS = YES_AGGRESSIVE;
				GCC_WARN_UNUSED_FUNCTION = YES;
				GCC_WARN_UNUSED_VARIABLE = YES;
				IPHONEOS_DEPLOYMENT_TARGET = 16.2;
				MTL_ENABLE_DEBUG_INFO = INCLUDE_SOURCE;
				MTL_FAST_MATH = YES;
				ONLY_ACTIVE_ARCH = YES;
				SDKROOT = iphoneos;
				SWIFT_ACTIVE_COMPILATION_CONDITIONS = DEBUG;
				SWIFT_OPTIMIZATION_LEVEL = "-Onone";
			};
			name = Debug;
		};
		49AB7BE8296683C600D33F96 /* Release */ = {
			isa = XCBuildConfiguration;
			buildSettings = {
				ALWAYS_SEARCH_USER_PATHS = NO;
				CLANG_ANALYZER_NONNULL = YES;
				CLANG_ANALYZER_NUMBER_OBJECT_CONVERSION = YES_AGGRESSIVE;
				CLANG_CXX_LANGUAGE_STANDARD = "gnu++20";
				CLANG_ENABLE_MODULES = YES;
				CLANG_ENABLE_OBJC_ARC = YES;
				CLANG_ENABLE_OBJC_WEAK = YES;
				CLANG_WARN_BLOCK_CAPTURE_AUTORELEASING = YES;
				CLANG_WARN_BOOL_CONVERSION = YES;
				CLANG_WARN_COMMA = YES;
				CLANG_WARN_CONSTANT_CONVERSION = YES;
				CLANG_WARN_DEPRECATED_OBJC_IMPLEMENTATIONS = YES;
				CLANG_WARN_DIRECT_OBJC_ISA_USAGE = YES_ERROR;
				CLANG_WARN_DOCUMENTATION_COMMENTS = YES;
				CLANG_WARN_EMPTY_BODY = YES;
				CLANG_WARN_ENUM_CONVERSION = YES;
				CLANG_WARN_INFINITE_RECURSION = YES;
				CLANG_WARN_INT_CONVERSION = YES;
				CLANG_WARN_NON_LITERAL_NULL_CONVERSION = YES;
				CLANG_WARN_OBJC_IMPLICIT_RETAIN_SELF = YES;
				CLANG_WARN_OBJC_LITERAL_CONVERSION = YES;
				CLANG_WARN_OBJC_ROOT_CLASS = YES_ERROR;
				CLANG_WARN_QUOTED_INCLUDE_IN_FRAMEWORK_HEADER = YES;
				CLANG_WARN_RANGE_LOOP_ANALYSIS = YES;
				CLANG_WARN_STRICT_PROTOTYPES = YES;
				CLANG_WARN_SUSPICIOUS_MOVE = YES;
				CLANG_WARN_UNGUARDED_AVAILABILITY = YES_AGGRESSIVE;
				CLANG_WARN_UNREACHABLE_CODE = YES;
				CLANG_WARN__DUPLICATE_METHOD_MATCH = YES;
				COPY_PHASE_STRIP = NO;
				DEBUG_INFORMATION_FORMAT = "dwarf-with-dsym";
				ENABLE_NS_ASSERTIONS = NO;
				ENABLE_STRICT_OBJC_MSGSEND = YES;
				GCC_C_LANGUAGE_STANDARD = gnu11;
				GCC_NO_COMMON_BLOCKS = YES;
				GCC_WARN_64_TO_32_BIT_CONVERSION = YES;
				GCC_WARN_ABOUT_RETURN_TYPE = YES_ERROR;
				GCC_WARN_UNDECLARED_SELECTOR = YES;
				GCC_WARN_UNINITIALIZED_AUTOS = YES_AGGRESSIVE;
				GCC_WARN_UNUSED_FUNCTION = YES;
				GCC_WARN_UNUSED_VARIABLE = YES;
				IPHONEOS_DEPLOYMENT_TARGET = 16.2;
				MTL_ENABLE_DEBUG_INFO = NO;
				MTL_FAST_MATH = YES;
				SDKROOT = iphoneos;
				SWIFT_COMPILATION_MODE = wholemodule;
				SWIFT_OPTIMIZATION_LEVEL = "-O";
				VALIDATE_PRODUCT = YES;
			};
			name = Release;
		};
		49AB7BEA296683C600D33F96 /* Debug */ = {
			isa = XCBuildConfiguration;
			buildSettings = {
				ASSETCATALOG_COMPILER_APPICON_NAME = AppIcon;
				ASSETCATALOG_COMPILER_GLOBAL_ACCENT_COLOR_NAME = AccentColor;
				CODE_SIGN_STYLE = Automatic;
				CURRENT_PROJECT_VERSION = 1;
				DEVELOPMENT_ASSET_PATHS = "\"Landmarks/Preview Content\"";
				ENABLE_PREVIEWS = YES;
				GENERATE_INFOPLIST_FILE = YES;
				INFOPLIST_KEY_UIApplicationSceneManifest_Generation = YES;
				INFOPLIST_KEY_UIApplicationSupportsIndirectInputEvents = YES;
				INFOPLIST_KEY_UILaunchScreen_Generation = YES;
				INFOPLIST_KEY_UISupportedInterfaceOrientations_iPad = "UIInterfaceOrientationPortrait UIInterfaceOrientationPortraitUpsideDown UIInterfaceOrientationLandscapeLeft UIInterfaceOrientationLandscapeRight";
				INFOPLIST_KEY_UISupportedInterfaceOrientations_iPhone = "UIInterfaceOrientationPortrait UIInterfaceOrientationLandscapeLeft UIInterfaceOrientationLandscapeRight";
				LD_RUNPATH_SEARCH_PATHS = (
					"$(inherited)",
					"@executable_path/Frameworks",
				);
				MARKETING_VERSION = 1.0;
				PRODUCT_BUNDLE_IDENTIFIER = youlserf.Learn;
				PRODUCT_NAME = "$(TARGET_NAME)";
				SWIFT_EMIT_LOC_STRINGS = YES;
				SWIFT_VERSION = 5.0;
				TARGETED_DEVICE_FAMILY = "1,2";
			};
			name = Debug;
		};
		49AB7BEB296683C600D33F96 /* Release */ = {
			isa = XCBuildConfiguration;
			buildSettings = {
				ASSETCATALOG_COMPILER_APPICON_NAME = AppIcon;
				ASSETCATALOG_COMPILER_GLOBAL_ACCENT_COLOR_NAME = AccentColor;
				CODE_SIGN_STYLE = Automatic;
				CURRENT_PROJECT_VERSION = 1;
				DEVELOPMENT_ASSET_PATHS = "\"Landmarks/Preview Content\"";
				ENABLE_PREVIEWS = YES;
				GENERATE_INFOPLIST_FILE = YES;
				INFOPLIST_KEY_UIApplicationSceneManifest_Generation = YES;
				INFOPLIST_KEY_UIApplicationSupportsIndirectInputEvents = YES;
				INFOPLIST_KEY_UILaunchScreen_Generation = YES;
				INFOPLIST_KEY_UISupportedInterfaceOrientations_iPad = "UIInterfaceOrientationPortrait UIInterfaceOrientationPortraitUpsideDown UIInterfaceOrientationLandscapeLeft UIInterfaceOrientationLandscapeRight";
				INFOPLIST_KEY_UISupportedInterfaceOrientations_iPhone = "UIInterfaceOrientationPortrait UIInterfaceOrientationLandscapeLeft UIInterfaceOrientationLandscapeRight";
				LD_RUNPATH_SEARCH_PATHS = (
					"$(inherited)",
					"@executable_path/Frameworks",
				);
				MARKETING_VERSION = 1.0;
				PRODUCT_BUNDLE_IDENTIFIER = youlserf.Learn;
				PRODUCT_NAME = "$(TARGET_NAME)";
				SWIFT_EMIT_LOC_STRINGS = YES;
				SWIFT_VERSION = 5.0;
				TARGETED_DEVICE_FAMILY = "1,2";
			};
			name = Release;
		};
/* End XCBuildConfiguration section */

/* Begin XCConfigurationList section */
		49AB7BD6296683C400D33F96 /* Build configuration list for PBXProject "Landmarks" */ = {
			isa = XCConfigurationList;
			buildConfigurations = (
				49AB7BE7296683C600D33F96 /* Debug */,
				49AB7BE8296683C600D33F96 /* Release */,
			);
			defaultConfigurationIsVisible = 0;
			defaultConfigurationName = Release;
		};
		49AB7BE9296683C600D33F96 /* Build configuration list for PBXNativeTarget "Landmarks" */ = {
			isa = XCConfigurationList;
			buildConfigurations = (
				49AB7BEA296683C600D33F96 /* Debug */,
				49AB7BEB296683C600D33F96 /* Release */,
			);
			defaultConfigurationIsVisible = 0;
			defaultConfigurationName = Release;
		};
/* End XCConfigurationList section */
	};
	rootObject = 49AB7BD3296683C400D33F96 /* Project object */;
}
